PODS:
  - CocoaAsyncSocket (7.4.2)
  - XCTAsyncTestCase (0.1.1)

DEPENDENCIES:
  - CocoaAsyncSocket (~> 7.3)
  - XCTAsyncTestCase (from `https://github.com/iheartradio/xctest-additions.git`)

EXTERNAL SOURCES:
  XCTAsyncTestCase:
    :git: https://github.com/iheartradio/xctest-additions.git

CHECKOUT OPTIONS:
  XCTAsyncTestCase:
    :commit: 2ed4b07c8a8ba6866641bb411e6cfd5221786501
    :git: https://github.com/iheartradio/xctest-additions.git

SPEC CHECKSUMS:
  CocoaAsyncSocket: f5783bdedd232d91b89769bc4b5a1580aed518ad
  XCTAsyncTestCase: 1aed7ec7905cc37287be0869afec48b6dd9c51ad

COCOAPODS: 0.39.0
