// !$*UTF8*$!
{
	archiveVersion = 1;
	classes = {
	};
	objectVersion = 46;
	objects = {

/* Begin PBXBuildFile section */
		13056CB7D48CDC8C30DA4D66 /* libPods-OSCKitTests.a in Frameworks */ = {isa = PBXBuildFile; fileRef = 3C1F2F1B39B2F49353713C27 /* libPods-OSCKitTests.a */; };
		52469B9819F5F0D500398381 /* OSCKit.h in Headers */ = {isa = PBXBuildFile; fileRef = 52469B9719F5F0D500398381 /* OSCKit.h */; };
		52469BC419F5F1B200398381 /* OSCBundle.h in Headers */ = {isa = PBXBuildFile; fileRef = 52469BAB19F5F1B200398381 /* OSCBundle.h */; };
		52469BC519F5F1B200398381 /* OSCBundle.m in Sources */ = {isa = PBXBuildFile; fileRef = 52469BAC19F5F1B200398381 /* OSCBundle.m */; };
		52469BC619F5F1B200398381 /* OSCBundle.m in Sources */ = {isa = PBXBuildFile; fileRef = 52469BAC19F5F1B200398381 /* OSCBundle.m */; };
		52469BC719F5F1B200398381 /* OSCClient.h in Headers */ = {isa = PBXBuildFile; fileRef = 52469BAD19F5F1B200398381 /* OSCClient.h */; };
		52469BC819F5F1B200398381 /* OSCClient.m in Sources */ = {isa = PBXBuildFile; fileRef = 52469BAE19F5F1B200398381 /* OSCClient.m */; };
		52469BC919F5F1B200398381 /* OSCClient.m in Sources */ = {isa = PBXBuildFile; fileRef = 52469BAE19F5F1B200398381 /* OSCClient.m */; };
		52469BCB19F5F1B200398381 /* OSCMessage.h in Headers */ = {isa = PBXBuildFile; fileRef = 52469BB019F5F1B200398381 /* OSCMessage.h */; };
		52469BCC19F5F1B200398381 /* OSCMessage.m in Sources */ = {isa = PBXBuildFile; fileRef = 52469BB119F5F1B200398381 /* OSCMessage.m */; };
		52469BCD19F5F1B200398381 /* OSCMessage.m in Sources */ = {isa = PBXBuildFile; fileRef = 52469BB119F5F1B200398381 /* OSCMessage.m */; };
		52469BCE19F5F1B200398381 /* MessageMappingOscPacketListener.h in Headers */ = {isa = PBXBuildFile; fileRef = 52469BB319F5F1B200398381 /* MessageMappingOscPacketListener.h */; };
		52469BCF19F5F1B200398381 /* OscException.h in Headers */ = {isa = PBXBuildFile; fileRef = 52469BB419F5F1B200398381 /* OscException.h */; };
		52469BD019F5F1B200398381 /* OscHostEndianness.h in Headers */ = {isa = PBXBuildFile; fileRef = 52469BB519F5F1B200398381 /* OscHostEndianness.h */; };
		52469BD119F5F1B200398381 /* OscOutboundPacketStream.cpp in Sources */ = {isa = PBXBuildFile; fileRef = 52469BB619F5F1B200398381 /* OscOutboundPacketStream.cpp */; };
		52469BD219F5F1B200398381 /* OscOutboundPacketStream.cpp in Sources */ = {isa = PBXBuildFile; fileRef = 52469BB619F5F1B200398381 /* OscOutboundPacketStream.cpp */; };
		52469BD319F5F1B200398381 /* OscOutboundPacketStream.h in Headers */ = {isa = PBXBuildFile; fileRef = 52469BB719F5F1B200398381 /* OscOutboundPacketStream.h */; };
		52469BD419F5F1B200398381 /* OscPacketListener.h in Headers */ = {isa = PBXBuildFile; fileRef = 52469BB819F5F1B200398381 /* OscPacketListener.h */; };
		52469BD519F5F1B200398381 /* OscPrintReceivedElements.cpp in Sources */ = {isa = PBXBuildFile; fileRef = 52469BB919F5F1B200398381 /* OscPrintReceivedElements.cpp */; };
		52469BD619F5F1B200398381 /* OscPrintReceivedElements.cpp in Sources */ = {isa = PBXBuildFile; fileRef = 52469BB919F5F1B200398381 /* OscPrintReceivedElements.cpp */; };
		52469BD719F5F1B200398381 /* OscPrintReceivedElements.h in Headers */ = {isa = PBXBuildFile; fileRef = 52469BBA19F5F1B200398381 /* OscPrintReceivedElements.h */; };
		52469BD819F5F1B200398381 /* OscReceivedElements.cpp in Sources */ = {isa = PBXBuildFile; fileRef = 52469BBB19F5F1B200398381 /* OscReceivedElements.cpp */; };
		52469BD919F5F1B200398381 /* OscReceivedElements.cpp in Sources */ = {isa = PBXBuildFile; fileRef = 52469BBB19F5F1B200398381 /* OscReceivedElements.cpp */; };
		52469BDA19F5F1B200398381 /* OscReceivedElements.h in Headers */ = {isa = PBXBuildFile; fileRef = 52469BBC19F5F1B200398381 /* OscReceivedElements.h */; };
		52469BDB19F5F1B200398381 /* OscTypes.cpp in Sources */ = {isa = PBXBuildFile; fileRef = 52469BBD19F5F1B200398381 /* OscTypes.cpp */; };
		52469BDC19F5F1B200398381 /* OscTypes.cpp in Sources */ = {isa = PBXBuildFile; fileRef = 52469BBD19F5F1B200398381 /* OscTypes.cpp */; };
		52469BDD19F5F1B200398381 /* OscTypes.h in Headers */ = {isa = PBXBuildFile; fileRef = 52469BBE19F5F1B200398381 /* OscTypes.h */; };
		52469BE119F5F1B200398381 /* OSCServer.h in Headers */ = {isa = PBXBuildFile; fileRef = 52469BC119F5F1B200398381 /* OSCServer.h */; };
		52469BE219F5F1B200398381 /* OSCServer.m in Sources */ = {isa = PBXBuildFile; fileRef = 52469BC219F5F1B200398381 /* OSCServer.m */; };
		52469BE319F5F1B200398381 /* OSCServer.m in Sources */ = {isa = PBXBuildFile; fileRef = 52469BC219F5F1B200398381 /* OSCServer.m */; };
		52469BE719F5F1EA00398381 /* OSCKitTests.m in Sources */ = {isa = PBXBuildFile; fileRef = 52469BE519F5F1EA00398381 /* OSCKitTests.m */; };
		52B24D1619F660FE00970F0B /* OSCProtocol.h in Headers */ = {isa = PBXBuildFile; fileRef = 52B24D1419F660FE00970F0B /* OSCProtocol.h */; };
		52B24D1719F660FE00970F0B /* OSCProtocol.mm in Sources */ = {isa = PBXBuildFile; fileRef = 52B24D1519F660FE00970F0B /* OSCProtocol.mm */; };
		52B24D1819F660FE00970F0B /* OSCProtocol.mm in Sources */ = {isa = PBXBuildFile; fileRef = 52B24D1519F660FE00970F0B /* OSCProtocol.mm */; };
		E4B4DE2279C2CEDF02E3D0F4 /* libPods.a in Frameworks */ = {isa = PBXBuildFile; fileRef = 2530E228AA9AF0A5021C88AD /* libPods.a */; };
/* End PBXBuildFile section */

/* Begin PBXFileReference section */
		14355D5C74C5F610FC9AFFD7 /* Pods.release.xcconfig */ = {isa = PBXFileReference; includeInIndex = 1; lastKnownFileType = text.xcconfig; name = Pods.release.xcconfig; path = "Pods/Target Support Files/Pods/Pods.release.xcconfig"; sourceTree = "<group>"; };
		1BEC9C18EBCA35054266F6B0 /* Pods-OSCKitTests.release.xcconfig */ = {isa = PBXFileReference; includeInIndex = 1; lastKnownFileType = text.xcconfig; name = "Pods-OSCKitTests.release.xcconfig"; path = "Pods/Target Support Files/Pods-OSCKitTests/Pods-OSCKitTests.release.xcconfig"; sourceTree = "<group>"; };
		2530E228AA9AF0A5021C88AD /* libPods.a */ = {isa = PBXFileReference; explicitFileType = archive.ar; includeInIndex = 0; path = libPods.a; sourceTree = BUILT_PRODUCTS_DIR; };
		3C1F2F1B39B2F49353713C27 /* libPods-OSCKitTests.a */ = {isa = PBXFileReference; explicitFileType = archive.ar; includeInIndex = 0; path = "libPods-OSCKitTests.a"; sourceTree = BUILT_PRODUCTS_DIR; };
		52469B9419F5F0D500398381 /* libOSCKit.dylib */ = {isa = PBXFileReference; explicitFileType = "compiled.mach-o.dylib"; includeInIndex = 0; path = libOSCKit.dylib; sourceTree = BUILT_PRODUCTS_DIR; };
		52469B9719F5F0D500398381 /* OSCKit.h */ = {isa = PBXFileReference; lastKnownFileType = sourcecode.c.h; path = OSCKit.h; sourceTree = "<group>"; };
		52469B9F19F5F0D500398381 /* OSCKitTests.xctest */ = {isa = PBXFileReference; explicitFileType = wrapper.cfbundle; includeInIndex = 0; path = OSCKitTests.xctest; sourceTree = BUILT_PRODUCTS_DIR; };
		52469BA219F5F0D500398381 /* Info.plist */ = {isa = PBXFileReference; lastKnownFileType = text.plist.xml; path = Info.plist; sourceTree = "<group>"; };
		52469BAB19F5F1B200398381 /* OSCBundle.h */ = {isa = PBXFileReference; fileEncoding = 4; lastKnownFileType = sourcecode.c.h; path = OSCBundle.h; sourceTree = "<group>"; };
		52469BAC19F5F1B200398381 /* OSCBundle.m */ = {isa = PBXFileReference; fileEncoding = 4; lastKnownFileType = sourcecode.c.objc; path = OSCBundle.m; sourceTree = "<group>"; };
		52469BAD19F5F1B200398381 /* OSCClient.h */ = {isa = PBXFileReference; fileEncoding = 4; lastKnownFileType = sourcecode.c.h; path = OSCClient.h; sourceTree = "<group>"; };
		52469BAE19F5F1B200398381 /* OSCClient.m */ = {isa = PBXFileReference; fileEncoding = 4; lastKnownFileType = sourcecode.c.objc; path = OSCClient.m; sourceTree = "<group>"; };
		52469BB019F5F1B200398381 /* OSCMessage.h */ = {isa = PBXFileReference; fileEncoding = 4; lastKnownFileType = sourcecode.c.h; path = OSCMessage.h; sourceTree = "<group>"; };
		52469BB119F5F1B200398381 /* OSCMessage.m */ = {isa = PBXFileReference; fileEncoding = 4; lastKnownFileType = sourcecode.c.objc; path = OSCMessage.m; sourceTree = "<group>"; };
		52469BB319F5F1B200398381 /* MessageMappingOscPacketListener.h */ = {isa = PBXFileReference; fileEncoding = 4; lastKnownFileType = sourcecode.c.h; path = MessageMappingOscPacketListener.h; sourceTree = "<group>"; };
		52469BB419F5F1B200398381 /* OscException.h */ = {isa = PBXFileReference; fileEncoding = 4; lastKnownFileType = sourcecode.c.h; path = OscException.h; sourceTree = "<group>"; };
		52469BB519F5F1B200398381 /* OscHostEndianness.h */ = {isa = PBXFileReference; fileEncoding = 4; lastKnownFileType = sourcecode.c.h; path = OscHostEndianness.h; sourceTree = "<group>"; };
		52469BB619F5F1B200398381 /* OscOutboundPacketStream.cpp */ = {isa = PBXFileReference; fileEncoding = 4; lastKnownFileType = sourcecode.cpp.cpp; path = OscOutboundPacketStream.cpp; sourceTree = "<group>"; };
		52469BB719F5F1B200398381 /* OscOutboundPacketStream.h */ = {isa = PBXFileReference; fileEncoding = 4; lastKnownFileType = sourcecode.c.h; path = OscOutboundPacketStream.h; sourceTree = "<group>"; };
		52469BB819F5F1B200398381 /* OscPacketListener.h */ = {isa = PBXFileReference; fileEncoding = 4; lastKnownFileType = sourcecode.c.h; path = OscPacketListener.h; sourceTree = "<group>"; };
		52469BB919F5F1B200398381 /* OscPrintReceivedElements.cpp */ = {isa = PBXFileReference; fileEncoding = 4; lastKnownFileType = sourcecode.cpp.cpp; path = OscPrintReceivedElements.cpp; sourceTree = "<group>"; };
		52469BBA19F5F1B200398381 /* OscPrintReceivedElements.h */ = {isa = PBXFileReference; fileEncoding = 4; lastKnownFileType = sourcecode.c.h; path = OscPrintReceivedElements.h; sourceTree = "<group>"; };
		52469BBB19F5F1B200398381 /* OscReceivedElements.cpp */ = {isa = PBXFileReference; fileEncoding = 4; lastKnownFileType = sourcecode.cpp.cpp; path = OscReceivedElements.cpp; sourceTree = "<group>"; };
		52469BBC19F5F1B200398381 /* OscReceivedElements.h */ = {isa = PBXFileReference; fileEncoding = 4; lastKnownFileType = sourcecode.c.h; path = OscReceivedElements.h; sourceTree = "<group>"; };
		52469BBD19F5F1B200398381 /* OscTypes.cpp */ = {isa = PBXFileReference; fileEncoding = 4; lastKnownFileType = sourcecode.cpp.cpp; path = OscTypes.cpp; sourceTree = "<group>"; };
		52469BBE19F5F1B200398381 /* OscTypes.h */ = {isa = PBXFileReference; fileEncoding = 4; lastKnownFileType = sourcecode.c.h; path = OscTypes.h; sourceTree = "<group>"; };
		52469BC119F5F1B200398381 /* OSCServer.h */ = {isa = PBXFileReference; fileEncoding = 4; lastKnownFileType = sourcecode.c.h; path = OSCServer.h; sourceTree = "<group>"; };
		52469BC219F5F1B200398381 /* OSCServer.m */ = {isa = PBXFileReference; fileEncoding = 4; lastKnownFileType = sourcecode.c.objc; path = OSCServer.m; sourceTree = "<group>"; };
		52469BE519F5F1EA00398381 /* OSCKitTests.m */ = {isa = PBXFileReference; fileEncoding = 4; lastKnownFileType = sourcecode.c.objc; path = OSCKitTests.m; sourceTree = "<group>"; };
		52B24D1419F660FE00970F0B /* OSCProtocol.h */ = {isa = PBXFileReference; fileEncoding = 4; lastKnownFileType = sourcecode.c.h; path = OSCProtocol.h; sourceTree = "<group>"; };
		52B24D1519F660FE00970F0B /* OSCProtocol.mm */ = {isa = PBXFileReference; fileEncoding = 4; lastKnownFileType = sourcecode.cpp.objcpp; path = OSCProtocol.mm; sourceTree = "<group>"; };
		52E38CD819F6CEBC00175C00 /* README.md */ = {isa = PBXFileReference; fileEncoding = 4; lastKnownFileType = net.daringfireball.markdown; path = README.md; sourceTree = SOURCE_ROOT; };
		75888259F9DB5F8B072EB133 /* Pods.debug.xcconfig */ = {isa = PBXFileReference; includeInIndex = 1; lastKnownFileType = text.xcconfig; name = Pods.debug.xcconfig; path = "Pods/Target Support Files/Pods/Pods.debug.xcconfig"; sourceTree = "<group>"; };
		BB2EB3AAD339BEC96B4D2613 /* Pods-OSCKitTests.debug.xcconfig */ = {isa = PBXFileReference; includeInIndex = 1; lastKnownFileType = text.xcconfig; name = "Pods-OSCKitTests.debug.xcconfig"; path = "Pods/Target Support Files/Pods-OSCKitTests/Pods-OSCKitTests.debug.xcconfig"; sourceTree = "<group>"; };
/* End PBXFileReference section */

/* Begin PBXFrameworksBuildPhase section */
		52469B9119F5F0D500398381 /* Frameworks */ = {
			isa = PBXFrameworksBuildPhase;
			buildActionMask = 2147483647;
			files = (
				E4B4DE2279C2CEDF02E3D0F4 /* libPods.a in Frameworks */,
			);
			runOnlyForDeploymentPostprocessing = 0;
		};
		52469B9C19F5F0D500398381 /* Frameworks */ = {
			isa = PBXFrameworksBuildPhase;
			buildActionMask = 2147483647;
			files = (
				13056CB7D48CDC8C30DA4D66 /* libPods-OSCKitTests.a in Frameworks */,
			);
			runOnlyForDeploymentPostprocessing = 0;
		};
/* End PBXFrameworksBuildPhase section */

/* Begin PBXGroup section */
		1989C8B488C06C89B62047DE /* Frameworks */ = {
			isa = PBXGroup;
			children = (
				2530E228AA9AF0A5021C88AD /* libPods.a */,
				3C1F2F1B39B2F49353713C27 /* libPods-OSCKitTests.a */,
			);
			name = Frameworks;
			sourceTree = "<group>";
		};
		52469B8B19F5F0D500398381 = {
			isa = PBXGroup;
			children = (
				52469B9619F5F0D500398381 /* OSCKit */,
				52469BA019F5F0D500398381 /* OSCKitTests */,
				52469B9519F5F0D500398381 /* Products */,
				68A82322BBE2CC95B78F3C6E /* Pods */,
				1989C8B488C06C89B62047DE /* Frameworks */,
			);
			sourceTree = "<group>";
		};
		52469B9519F5F0D500398381 /* Products */ = {
			isa = PBXGroup;
			children = (
				52469B9419F5F0D500398381 /* libOSCKit.dylib */,
				52469B9F19F5F0D500398381 /* OSCKitTests.xctest */,
			);
			name = Products;
			sourceTree = "<group>";
		};
		52469B9619F5F0D500398381 /* OSCKit */ = {
			isa = PBXGroup;
			children = (
				52E38CD819F6CEBC00175C00 /* README.md */,
				52469BB219F5F1B200398381 /* oscpack */,
				52469B9719F5F0D500398381 /* OSCKit.h */,
				52B24D1419F660FE00970F0B /* OSCProtocol.h */,
				52B24D1519F660FE00970F0B /* OSCProtocol.mm */,
				52469BC119F5F1B200398381 /* OSCServer.h */,
				52469BC219F5F1B200398381 /* OSCServer.m */,
				52469BAD19F5F1B200398381 /* OSCClient.h */,
				52469BAE19F5F1B200398381 /* OSCClient.m */,
				52469BAB19F5F1B200398381 /* OSCBundle.h */,
				52469BAC19F5F1B200398381 /* OSCBundle.m */,
				52469BB019F5F1B200398381 /* OSCMessage.h */,
				52469BB119F5F1B200398381 /* OSCMessage.m */,
			);
			path = OSCKit;
			sourceTree = "<group>";
		};
		52469BA019F5F0D500398381 /* OSCKitTests */ = {
			isa = PBXGroup;
			children = (
				52469BA119F5F0D500398381 /* Supporting Files */,
				52469BE519F5F1EA00398381 /* OSCKitTests.m */,
			);
			path = OSCKitTests;
			sourceTree = "<group>";
		};
		52469BA119F5F0D500398381 /* Supporting Files */ = {
			isa = PBXGroup;
			children = (
				52469BA219F5F0D500398381 /* Info.plist */,
			);
			name = "Supporting Files";
			sourceTree = "<group>";
		};
		52469BB219F5F1B200398381 /* oscpack */ = {
			isa = PBXGroup;
			children = (
				52469BB319F5F1B200398381 /* MessageMappingOscPacketListener.h */,
				52469BB419F5F1B200398381 /* OscException.h */,
				52469BB519F5F1B200398381 /* OscHostEndianness.h */,
				52469BB619F5F1B200398381 /* OscOutboundPacketStream.cpp */,
				52469BB719F5F1B200398381 /* OscOutboundPacketStream.h */,
				52469BB819F5F1B200398381 /* OscPacketListener.h */,
				52469BB919F5F1B200398381 /* OscPrintReceivedElements.cpp */,
				52469BBA19F5F1B200398381 /* OscPrintReceivedElements.h */,
				52469BBB19F5F1B200398381 /* OscReceivedElements.cpp */,
				52469BBC19F5F1B200398381 /* OscReceivedElements.h */,
				52469BBD19F5F1B200398381 /* OscTypes.cpp */,
				52469BBE19F5F1B200398381 /* OscTypes.h */,
			);
			path = oscpack;
			sourceTree = "<group>";
		};
		68A82322BBE2CC95B78F3C6E /* Pods */ = {
			isa = PBXGroup;
			children = (
				75888259F9DB5F8B072EB133 /* Pods.debug.xcconfig */,
				14355D5C74C5F610FC9AFFD7 /* Pods.release.xcconfig */,
				BB2EB3AAD339BEC96B4D2613 /* Pods-OSCKitTests.debug.xcconfig */,
				1BEC9C18EBCA35054266F6B0 /* Pods-OSCKitTests.release.xcconfig */,
			);
			name = Pods;
			sourceTree = "<group>";
		};
/* End PBXGroup section */

/* Begin PBXHeadersBuildPhase section */
		52469B9219F5F0D500398381 /* Headers */ = {
			isa = PBXHeadersBuildPhase;
			buildActionMask = 2147483647;
			files = (
				52469BC419F5F1B200398381 /* OSCBundle.h in Headers */,
				52469BD319F5F1B200398381 /* OscOutboundPacketStream.h in Headers */,
				52469BCB19F5F1B200398381 /* OSCMessage.h in Headers */,
				52469BE119F5F1B200398381 /* OSCServer.h in Headers */,
				52469BCF19F5F1B200398381 /* OscException.h in Headers */,
				52469B9819F5F0D500398381 /* OSCKit.h in Headers */,
				52469BD019F5F1B200398381 /* OscHostEndianness.h in Headers */,
				52469BD719F5F1B200398381 /* OscPrintReceivedElements.h in Headers */,
				52469BD419F5F1B200398381 /* OscPacketListener.h in Headers */,
				52469BDA19F5F1B200398381 /* OscReceivedElements.h in Headers */,
				52B24D1619F660FE00970F0B /* OSCProtocol.h in Headers */,
				52469BC719F5F1B200398381 /* OSCClient.h in Headers */,
				52469BDD19F5F1B200398381 /* OscTypes.h in Headers */,
				52469BCE19F5F1B200398381 /* MessageMappingOscPacketListener.h in Headers */,
			);
			runOnlyForDeploymentPostprocessing = 0;
		};
/* End PBXHeadersBuildPhase section */

/* Begin PBXNativeTarget section */
		52469B9319F5F0D500398381 /* OSCKit */ = {
			isa = PBXNativeTarget;
			buildConfigurationList = 52469BA519F5F0D500398381 /* Build configuration list for PBXNativeTarget "OSCKit" */;
			buildPhases = (
				75A1351C1CA6FD536EFB1BEC /* Check Pods Manifest.lock */,
				52469B9019F5F0D500398381 /* Sources */,
				52469B9119F5F0D500398381 /* Frameworks */,
				52469B9219F5F0D500398381 /* Headers */,
				F3228B6278A595AA6B15C1FC /* Copy Pods Resources */,
			);
			buildRules = (
			);
			dependencies = (
			);
			name = OSCKit;
			productName = OSCKit;
			productReference = 52469B9419F5F0D500398381 /* libOSCKit.dylib */;
			productType = "com.apple.product-type.library.dynamic";
		};
		52469B9E19F5F0D500398381 /* OSCKitTests */ = {
			isa = PBXNativeTarget;
			buildConfigurationList = 52469BA819F5F0D500398381 /* Build configuration list for PBXNativeTarget "OSCKitTests" */;
			buildPhases = (
				4770A1F4AB5BB3295ADB897A /* Check Pods Manifest.lock */,
				52469B9B19F5F0D500398381 /* Sources */,
				52469B9C19F5F0D500398381 /* Frameworks */,
				52469B9D19F5F0D500398381 /* Resources */,
				B93B93CBA2636526D564F5A9 /* Copy Pods Resources */,
			);
			buildRules = (
			);
			dependencies = (
			);
			name = OSCKitTests;
			productName = OSCKitTests;
			productReference = 52469B9F19F5F0D500398381 /* OSCKitTests.xctest */;
			productType = "com.apple.product-type.bundle.unit-test";
		};
/* End PBXNativeTarget section */

/* Begin PBXProject section */
		52469B8C19F5F0D500398381 /* Project object */ = {
			isa = PBXProject;
			attributes = {
				LastUpgradeCheck = 0600;
				ORGANIZATIONNAME = 256dpi;
				TargetAttributes = {
					52469B9319F5F0D500398381 = {
						CreatedOnToolsVersion = 6.0.1;
					};
					52469B9E19F5F0D500398381 = {
						CreatedOnToolsVersion = 6.0.1;
					};
				};
			};
			buildConfigurationList = 52469B8F19F5F0D500398381 /* Build configuration list for PBXProject "OSCKit" */;
			compatibilityVersion = "Xcode 3.2";
			developmentRegion = English;
			hasScannedForEncodings = 0;
			knownRegions = (
				en,
			);
			mainGroup = 52469B8B19F5F0D500398381;
			productRefGroup = 52469B9519F5F0D500398381 /* Products */;
			projectDirPath = "";
			projectRoot = "";
			targets = (
				52469B9319F5F0D500398381 /* OSCKit */,
				52469B9E19F5F0D500398381 /* OSCKitTests */,
			);
		};
/* End PBXProject section */

/* Begin PBXResourcesBuildPhase section */
		52469B9D19F5F0D500398381 /* Resources */ = {
			isa = PBXResourcesBuildPhase;
			buildActionMask = 2147483647;
			files = (
			);
			runOnlyForDeploymentPostprocessing = 0;
		};
/* End PBXResourcesBuildPhase section */

/* Begin PBXShellScriptBuildPhase section */
		4770A1F4AB5BB3295ADB897A /* Check Pods Manifest.lock */ = {
			isa = PBXShellScriptBuildPhase;
			buildActionMask = 2147483647;
			files = (
			);
			inputPaths = (
			);
			name = "Check Pods Manifest.lock";
			outputPaths = (
			);
			runOnlyForDeploymentPostprocessing = 0;
			shellPath = /bin/sh;
			shellScript = "diff \"${PODS_ROOT}/../Podfile.lock\" \"${PODS_ROOT}/Manifest.lock\" > /dev/null\nif [[ $? != 0 ]] ; then\n    cat << EOM\nerror: The sandbox is not in sync with the Podfile.lock. Run 'pod install' or update your CocoaPods installation.\nEOM\n    exit 1\nfi\n";
			showEnvVarsInLog = 0;
		};
		75A1351C1CA6FD536EFB1BEC /* Check Pods Manifest.lock */ = {
			isa = PBXShellScriptBuildPhase;
			buildActionMask = 2147483647;
			files = (
			);
			inputPaths = (
			);
			name = "Check Pods Manifest.lock";
			outputPaths = (
			);
			runOnlyForDeploymentPostprocessing = 0;
			shellPath = /bin/sh;
			shellScript = "diff \"${PODS_ROOT}/../Podfile.lock\" \"${PODS_ROOT}/Manifest.lock\" > /dev/null\nif [[ $? != 0 ]] ; then\n    cat << EOM\nerror: The sandbox is not in sync with the Podfile.lock. Run 'pod install' or update your CocoaPods installation.\nEOM\n    exit 1\nfi\n";
			showEnvVarsInLog = 0;
		};
		B93B93CBA2636526D564F5A9 /* Copy Pods Resources */ = {
			isa = PBXShellScriptBuildPhase;
			buildActionMask = 2147483647;
			files = (
			);
			inputPaths = (
			);
			name = "Copy Pods Resources";
			outputPaths = (
			);
			runOnlyForDeploymentPostprocessing = 0;
			shellPath = /bin/sh;
			shellScript = "\"${SRCROOT}/Pods/Target Support Files/Pods-OSCKitTests/Pods-OSCKitTests-resources.sh\"\n";
			showEnvVarsInLog = 0;
		};
		F3228B6278A595AA6B15C1FC /* Copy Pods Resources */ = {
			isa = PBXShellScriptBuildPhase;
			buildActionMask = 2147483647;
			files = (
			);
			inputPaths = (
			);
			name = "Copy Pods Resources";
			outputPaths = (
			);
			runOnlyForDeploymentPostprocessing = 0;
			shellPath = /bin/sh;
			shellScript = "\"${SRCROOT}/Pods/Target Support Files/Pods/Pods-resources.sh\"\n";
			showEnvVarsInLog = 0;
		};
/* End PBXShellScriptBuildPhase section */

/* Begin PBXSourcesBuildPhase section */
		52469B9019F5F0D500398381 /* Sources */ = {
			isa = PBXSourcesBuildPhase;
			buildActionMask = 2147483647;
			files = (
				52469BDB19F5F1B200398381 /* OscTypes.cpp in Sources */,
				52469BC819F5F1B200398381 /* OSCClient.m in Sources */,
				52469BD119F5F1B200398381 /* OscOutboundPacketStream.cpp in Sources */,
				52B24D1719F660FE00970F0B /* OSCProtocol.mm in Sources */,
				52469BD519F5F1B200398381 /* OscPrintReceivedElements.cpp in Sources */,
				52469BD819F5F1B200398381 /* OscReceivedElements.cpp in Sources */,
				52469BCC19F5F1B200398381 /* OSCMessage.m in Sources */,
				52469BE219F5F1B200398381 /* OSCServer.m in Sources */,
				52469BC519F5F1B200398381 /* OSCBundle.m in Sources */,
			);
			runOnlyForDeploymentPostprocessing = 0;
		};
		52469B9B19F5F0D500398381 /* Sources */ = {
			isa = PBXSourcesBuildPhase;
			buildActionMask = 2147483647;
			files = (
				52469BDC19F5F1B200398381 /* OscTypes.cpp in Sources */,
				52B24D1819F660FE00970F0B /* OSCProtocol.mm in Sources */,
				52469BC919F5F1B200398381 /* OSCClient.m in Sources */,
				52469BD219F5F1B200398381 /* OscOutboundPacketStream.cpp in Sources */,
				52469BD619F5F1B200398381 /* OscPrintReceivedElements.cpp in Sources */,
				52469BD919F5F1B200398381 /* OscReceivedElements.cpp in Sources */,
				52469BCD19F5F1B200398381 /* OSCMessage.m in Sources */,
				52469BE319F5F1B200398381 /* OSCServer.m in Sources */,
				52469BE719F5F1EA00398381 /* OSCKitTests.m in Sources */,
				52469BC619F5F1B200398381 /* OSCBundle.m in Sources */,
			);
			runOnlyForDeploymentPostprocessing = 0;
		};
/* End PBXSourcesBuildPhase section */

/* Begin XCBuildConfiguration section */
		52469BA319F5F0D500398381 /* Debug */ = {
			isa = XCBuildConfiguration;
			buildSettings = {
				ALWAYS_SEARCH_USER_PATHS = NO;
				CLANG_CXX_LANGUAGE_STANDARD = "gnu++0x";
				CLANG_CXX_LIBRARY = "libc++";
				CLANG_ENABLE_MODULES = YES;
				CLANG_ENABLE_OBJC_ARC = YES;
				CLANG_WARN_BOOL_CONVERSION = YES;
				CLANG_WARN_CONSTANT_CONVERSION = YES;
				CLANG_WARN_DIRECT_OBJC_ISA_USAGE = YES_ERROR;
				CLANG_WARN_EMPTY_BODY = YES;
				CLANG_WARN_ENUM_CONVERSION = YES;
				CLANG_WARN_INT_CONVERSION = YES;
				CLANG_WARN_OBJC_ROOT_CLASS = YES_ERROR;
				CLANG_WARN_UNREACHABLE_CODE = YES;
				CLANG_WARN__DUPLICATE_METHOD_MATCH = YES;
				COPY_PHASE_STRIP = NO;
				ENABLE_STRICT_OBJC_MSGSEND = YES;
				GCC_C_LANGUAGE_STANDARD = gnu99;
				GCC_DYNAMIC_NO_PIC = NO;
				GCC_OPTIMIZATION_LEVEL = 0;
				GCC_PREPROCESSOR_DEFINITIONS = (
					"DEBUG=1",
					"$(inherited)",
				);
				GCC_SYMBOLS_PRIVATE_EXTERN = NO;
				GCC_WARN_64_TO_32_BIT_CONVERSION = YES;
				GCC_WARN_ABOUT_RETURN_TYPE = YES_ERROR;
				GCC_WARN_UNDECLARED_SELECTOR = YES;
				GCC_WARN_UNINITIALIZED_AUTOS = YES_AGGRESSIVE;
				GCC_WARN_UNUSED_FUNCTION = YES;
				GCC_WARN_UNUSED_VARIABLE = YES;
				MACOSX_DEPLOYMENT_TARGET = 10.9;
				MTL_ENABLE_DEBUG_INFO = YES;
				ONLY_ACTIVE_ARCH = YES;
				SDKROOT = macosx;
			};
			name = Debug;
		};
		52469BA419F5F0D500398381 /* Release */ = {
			isa = XCBuildConfiguration;
			buildSettings = {
				ALWAYS_SEARCH_USER_PATHS = NO;
				CLANG_CXX_LANGUAGE_STANDARD = "gnu++0x";
				CLANG_CXX_LIBRARY = "libc++";
				CLANG_ENABLE_MODULES = YES;
				CLANG_ENABLE_OBJC_ARC = YES;
				CLANG_WARN_BOOL_CONVERSION = YES;
				CLANG_WARN_CONSTANT_CONVERSION = YES;
				CLANG_WARN_DIRECT_OBJC_ISA_USAGE = YES_ERROR;
				CLANG_WARN_EMPTY_BODY = YES;
				CLANG_WARN_ENUM_CONVERSION = YES;
				CLANG_WARN_INT_CONVERSION = YES;
				CLANG_WARN_OBJC_ROOT_CLASS = YES_ERROR;
				CLANG_WARN_UNREACHABLE_CODE = YES;
				CLANG_WARN__DUPLICATE_METHOD_MATCH = YES;
				COPY_PHASE_STRIP = YES;
				DEBUG_INFORMATION_FORMAT = "dwarf-with-dsym";
				ENABLE_NS_ASSERTIONS = NO;
				ENABLE_STRICT_OBJC_MSGSEND = YES;
				GCC_C_LANGUAGE_STANDARD = gnu99;
				GCC_WARN_64_TO_32_BIT_CONVERSION = YES;
				GCC_WARN_ABOUT_RETURN_TYPE = YES_ERROR;
				GCC_WARN_UNDECLARED_SELECTOR = YES;
				GCC_WARN_UNINITIALIZED_AUTOS = YES_AGGRESSIVE;
				GCC_WARN_UNUSED_FUNCTION = YES;
				GCC_WARN_UNUSED_VARIABLE = YES;
				MACOSX_DEPLOYMENT_TARGET = 10.9;
				MTL_ENABLE_DEBUG_INFO = NO;
				SDKROOT = macosx;
			};
			name = Release;
		};
		52469BA619F5F0D500398381 /* Debug */ = {
			isa = XCBuildConfiguration;
			baseConfigurationReference = 75888259F9DB5F8B072EB133 /* Pods.debug.xcconfig */;
			buildSettings = {
				COMBINE_HIDPI_IMAGES = YES;
				DYLIB_COMPATIBILITY_VERSION = 1;
				DYLIB_CURRENT_VERSION = 1;
				EXECUTABLE_PREFIX = lib;
				MACOSX_DEPLOYMENT_TARGET = 10.9;
				PRODUCT_NAME = "$(TARGET_NAME)";
			};
			name = Debug;
		};
		52469BA719F5F0D500398381 /* Release */ = {
			isa = XCBuildConfiguration;
			baseConfigurationReference = 14355D5C74C5F610FC9AFFD7 /* Pods.release.xcconfig */;
			buildSettings = {
				COMBINE_HIDPI_IMAGES = YES;
				DYLIB_COMPATIBILITY_VERSION = 1;
				DYLIB_CURRENT_VERSION = 1;
				EXECUTABLE_PREFIX = lib;
				MACOSX_DEPLOYMENT_TARGET = 10.9;
				PRODUCT_NAME = "$(TARGET_NAME)";
			};
			name = Release;
		};
		52469BA919F5F0D500398381 /* Debug */ = {
			isa = XCBuildConfiguration;
			baseConfigurationReference = BB2EB3AAD339BEC96B4D2613 /* Pods-OSCKitTests.debug.xcconfig */;
			buildSettings = {
				COMBINE_HIDPI_IMAGES = YES;
				FRAMEWORK_SEARCH_PATHS = (
					"$(DEVELOPER_FRAMEWORKS_DIR)",
					"$(inherited)",
				);
				GCC_PREPROCESSOR_DEFINITIONS = (
					"DEBUG=1",
					"$(inherited)",
				);
				INFOPLIST_FILE = OSCKitTests/Info.plist;
				LD_RUNPATH_SEARCH_PATHS = "$(inherited) @executable_path/../Frameworks @loader_path/../Frameworks";
				MACOSX_DEPLOYMENT_TARGET = 10.9;
				PRODUCT_NAME = "$(TARGET_NAME)";
			};
			name = Debug;
		};
		52469BAA19F5F0D500398381 /* Release */ = {
			isa = XCBuildConfiguration;
			baseConfigurationReference = 1BEC9C18EBCA35054266F6B0 /* Pods-OSCKitTests.release.xcconfig */;
			buildSettings = {
				COMBINE_HIDPI_IMAGES = YES;
				FRAMEWORK_SEARCH_PATHS = (
					"$(DEVELOPER_FRAMEWORKS_DIR)",
					"$(inherited)",
				);
				INFOPLIST_FILE = OSCKitTests/Info.plist;
				LD_RUNPATH_SEARCH_PATHS = "$(inherited) @executable_path/../Frameworks @loader_path/../Frameworks";
				MACOSX_DEPLOYMENT_TARGET = 10.9;
				PRODUCT_NAME = "$(TARGET_NAME)";
			};
			name = Release;
		};
/* End XCBuildConfiguration section */

/* Begin XCConfigurationList section */
		52469B8F19F5F0D500398381 /* Build configuration list for PBXProject "OSCKit" */ = {
			isa = XCConfigurationList;
			buildConfigurations = (
				52469BA319F5F0D500398381 /* Debug */,
				52469BA419F5F0D500398381 /* Release */,
			);
			defaultConfigurationIsVisible = 0;
			defaultConfigurationName = Release;
		};
		52469BA519F5F0D500398381 /* Build configuration list for PBXNativeTarget "OSCKit" */ = {
			isa = XCConfigurationList;
			buildConfigurations = (
				52469BA619F5F0D500398381 /* Debug */,
				52469BA719F5F0D500398381 /* Release */,
			);
			defaultConfigurationIsVisible = 0;
			defaultConfigurationName = Release;
		};
		52469BA819F5F0D500398381 /* Build configuration list for PBXNativeTarget "OSCKitTests" */ = {
			isa = XCConfigurationList;
			buildConfigurations = (
				52469BA919F5F0D500398381 /* Debug */,
				52469BAA19F5F0D500398381 /* Release */,
			);
			defaultConfigurationIsVisible = 0;
			defaultConfigurationName = Release;
		};
/* End XCConfigurationList section */
	};
	rootObject = 52469B8C19F5F0D500398381 /* Project object */;
}
